
Microsoft Visual Studio Solution File, Format Version 12.00
# Visual Studio 15
VisualStudioVersion = 15.0.28010.2026
MinimumVisualStudioVersion = 10.0.40219.1
Project("{8BC9CEB8-8B4A-11D0-8D11-00A0C91BC942}") = "arrary_stack_c", "arrary_stack_c\arrary_stack_c.vcxproj", "{8F3DBCCC-31E9-4AD6-9333-757BC4487213}"
EndProject
Global
	GlobalSection(SolutionConfigurationPlatforms) = preSolution
		Debug|x64 = Debug|x64
		Debug|x86 = Debug|x86
		Release|x64 = Release|x64
		Release|x86 = Release|x86
	EndGlobalSection
	GlobalSection(ProjectConfigurationPlatforms) = postSolution
		{8F3DBCCC-31E9-4AD6-9333-757BC4487213}.Debug|x64.ActiveCfg = Debug|x64
		{8F3DBCCC-31E9-4AD6-9333-757BC4487213}.Debug|x64.Build.0 = Debug|x64
		{8F3DBCCC-31E9-4AD6-9333-757BC4487213}.Debug|x86.ActiveCfg = Debug|Win32
		{8F3DBCCC-31E9-4AD6-9333-757BC4487213}.Debug|x86.Build.0 = Debug|Win32
		{8F3DBCCC-31E9-4AD6-9333-757BC4487213}.Release|x64.ActiveCfg = Release|x64
		{8F3DBCCC-31E9-4AD6-9333-757BC4487213}.Release|x64.Build.0 = Release|x64
		{8F3DBCCC-31E9-4AD6-9333-757BC4487213}.Release|x86.ActiveCfg = Release|Win32
		{8F3DBCCC-31E9-4AD6-9333-757BC4487213}.Release|x86.Build.0 = Release|Win32
	EndGlobalSection
	GlobalSection(SolutionProperties) = preSolution
		HideSolutionNode = FALSE
	EndGlobalSection
	GlobalSection(ExtensibilityGlobals) = postSolution
		SolutionGuid = {819D5942-35D7-4FAA-B3D7-44734B3DFE0F}
	EndGlobalSection
EndGlobal
